
Microsoft Visual Studio Solution File, Format Version 12.00
# Visual Studio 15
VisualStudioVersion = 15.0.28010.2046
MinimumVisualStudioVersion = 10.0.40219.1
Project("{FAE04EC0-301F-11D3-BF4B-00C04F79EFBC}") = "ConsoleApp", "Source\ConsoleApp\ConsoleApp.csproj", "{E40CC0A1-C697-4E9D-8FBD-71CE495BE969}"
	ProjectSection(ProjectDependencies) = postProject
		{4ED280BB-3721-4E72-BDB8-2DCCC36A51FA} = {4ED280BB-3721-4E72-BDB8-2DCCC36A51FA}
	EndProjectSection
EndProject
Project("{FAE04EC0-301F-11D3-BF4B-00C04F79EFBC}") = "DevMorningFix", "Source\DevMorningFix\DevMorningFix.csproj", "{BF40EC3E-89CE-4A17-B5DA-0E35EE38581E}"
EndProject
Project("{2150E333-8FDC-42A3-9474-1A3956D46DE8}") = "Presentation Layer", "Presentation Layer", "{982DD007-E704-493A-9879-89857BBA9287}"
EndProject
Project("{2150E333-8FDC-42A3-9474-1A3956D46DE8}") = "Infrastructure Layer", "Infrastructure Layer", "{5ADF15EF-483D-4B79-859A-3A98EC392E26}"
EndProject
Project("{FAE04EC0-301F-11D3-BF4B-00C04F79EFBC}") = "Container", "Source\Container\Container.csproj", "{9894E954-43F8-4129-AE01-BA5ED1F22F41}"
EndProject
Project("{FAE04EC0-301F-11D3-BF4B-00C04F79EFBC}") = "DesktopApp", "Source\DesktopApp\DesktopApp.csproj", "{B7BD82B5-1952-4EAF-AD29-97CF512153E8}"
EndProject
Project("{9A19103F-16F7-4668-BE54-9A1E7A4F7556}") = "NetCoreWebApp", "Source\NetCoreWebApp\NetCoreWebApp.csproj", "{1CBBD846-A274-45D1-B5C1-966129B8EF42}"
EndProject
Project("{8BC9CEB8-8B4A-11D0-8D11-00A0C91BC942}") = "ExploringContainers", "Source\ExploringContainers\ExploringContainers.vcxproj", "{4ED280BB-3721-4E72-BDB8-2DCCC36A51FA}"
EndProject
Project("{FAE04EC0-301F-11D3-BF4B-00C04F79EFBC}") = "WebApplication", "Source\WebApplication\WebApplication.csproj", "{4B0B009D-C6F7-443F-8C10-AD0E29E55F3D}"
EndProject
Project("{2150E333-8FDC-42A3-9474-1A3956D46DE8}") = "Test", "Test", "{49DBD2A0-35C0-4C81-B750-C33E6E5DC142}"
EndProject
Project("{FAE04EC0-301F-11D3-BF4B-00C04F79EFBC}") = "DevMorningFixUnitTest", "Source\FundamentalsUnitTest\DevMorningFixUnitTest.csproj", "{351C94E4-4DB1-4522-B0D4-3AEFE2C6F08F}"
EndProject
Project("{8BC9CEB8-8B4A-11D0-8D11-00A0C91BC942}") = "WtWebApp", "Source\WtWebApp\WtWebApp.vcxproj", "{541F4574-E413-430A-B7D7-2CB7EFB4D596}"
EndProject
Global
	GlobalSection(SolutionConfigurationPlatforms) = preSolution
		Debug|Any CPU = Debug|Any CPU
		Debug|x64 = Debug|x64
		Debug|x86 = Debug|x86
		Release|Any CPU = Release|Any CPU
		Release|x64 = Release|x64
		Release|x86 = Release|x86
	EndGlobalSection
	GlobalSection(ProjectConfigurationPlatforms) = postSolution
		{E40CC0A1-C697-4E9D-8FBD-71CE495BE969}.Debug|Any CPU.ActiveCfg = Debug|Any CPU
		{E40CC0A1-C697-4E9D-8FBD-71CE495BE969}.Debug|Any CPU.Build.0 = Debug|Any CPU
		{E40CC0A1-C697-4E9D-8FBD-71CE495BE969}.Debug|x64.ActiveCfg = Debug|Any CPU
		{E40CC0A1-C697-4E9D-8FBD-71CE495BE969}.Debug|x64.Build.0 = Debug|Any CPU
		{E40CC0A1-C697-4E9D-8FBD-71CE495BE969}.Debug|x86.ActiveCfg = Debug|Any CPU
		{E40CC0A1-C697-4E9D-8FBD-71CE495BE969}.Debug|x86.Build.0 = Debug|Any CPU
		{E40CC0A1-C697-4E9D-8FBD-71CE495BE969}.Release|Any CPU.ActiveCfg = Release|Any CPU
		{E40CC0A1-C697-4E9D-8FBD-71CE495BE969}.Release|Any CPU.Build.0 = Release|Any CPU
		{E40CC0A1-C697-4E9D-8FBD-71CE495BE969}.Release|x64.ActiveCfg = Release|Any CPU
		{E40CC0A1-C697-4E9D-8FBD-71CE495BE969}.Release|x64.Build.0 = Release|Any CPU
		{E40CC0A1-C697-4E9D-8FBD-71CE495BE969}.Release|x86.ActiveCfg = Release|Any CPU
		{E40CC0A1-C697-4E9D-8FBD-71CE495BE969}.Release|x86.Build.0 = Release|Any CPU
		{BF40EC3E-89CE-4A17-B5DA-0E35EE38581E}.Debug|Any CPU.ActiveCfg = Debug|Any CPU
		{BF40EC3E-89CE-4A17-B5DA-0E35EE38581E}.Debug|Any CPU.Build.0 = Debug|Any CPU
		{BF40EC3E-89CE-4A17-B5DA-0E35EE38581E}.Debug|x64.ActiveCfg = Debug|Any CPU
		{BF40EC3E-89CE-4A17-B5DA-0E35EE38581E}.Debug|x64.Build.0 = Debug|Any CPU
		{BF40EC3E-89CE-4A17-B5DA-0E35EE38581E}.Debug|x86.ActiveCfg = Debug|Any CPU
		{BF40EC3E-89CE-4A17-B5DA-0E35EE38581E}.Debug|x86.Build.0 = Debug|Any CPU
		{BF40EC3E-89CE-4A17-B5DA-0E35EE38581E}.Release|Any CPU.ActiveCfg = Release|Any CPU
		{BF40EC3E-89CE-4A17-B5DA-0E35EE38581E}.Release|Any CPU.Build.0 = Release|Any CPU
		{BF40EC3E-89CE-4A17-B5DA-0E35EE38581E}.Release|x64.ActiveCfg = Release|Any CPU
		{BF40EC3E-89CE-4A17-B5DA-0E35EE38581E}.Release|x64.Build.0 = Release|Any CPU
		{BF40EC3E-89CE-4A17-B5DA-0E35EE38581E}.Release|x86.ActiveCfg = Release|Any CPU
		{BF40EC3E-89CE-4A17-B5DA-0E35EE38581E}.Release|x86.Build.0 = Release|Any CPU
		{9894E954-43F8-4129-AE01-BA5ED1F22F41}.Debug|Any CPU.ActiveCfg = Debug|Any CPU
		{9894E954-43F8-4129-AE01-BA5ED1F22F41}.Debug|Any CPU.Build.0 = Debug|Any CPU
		{9894E954-43F8-4129-AE01-BA5ED1F22F41}.Debug|x64.ActiveCfg = Debug|Any CPU
		{9894E954-43F8-4129-AE01-BA5ED1F22F41}.Debug|x64.Build.0 = Debug|Any CPU
		{9894E954-43F8-4129-AE01-BA5ED1F22F41}.Debug|x86.ActiveCfg = Debug|Any CPU
		{9894E954-43F8-4129-AE01-BA5ED1F22F41}.Debug|x86.Build.0 = Debug|Any CPU
		{9894E954-43F8-4129-AE01-BA5ED1F22F41}.Release|Any CPU.ActiveCfg = Release|Any CPU
		{9894E954-43F8-4129-AE01-BA5ED1F22F41}.Release|Any CPU.Build.0 = Release|Any CPU
		{9894E954-43F8-4129-AE01-BA5ED1F22F41}.Release|x64.ActiveCfg = Release|Any CPU
		{9894E954-43F8-4129-AE01-BA5ED1F22F41}.Release|x64.Build.0 = Release|Any CPU
		{9894E954-43F8-4129-AE01-BA5ED1F22F41}.Release|x86.ActiveCfg = Release|Any CPU
		{9894E954-43F8-4129-AE01-BA5ED1F22F41}.Release|x86.Build.0 = Release|Any CPU
		{B7BD82B5-1952-4EAF-AD29-97CF512153E8}.Debug|Any CPU.ActiveCfg = Debug|Any CPU
		{B7BD82B5-1952-4EAF-AD29-97CF512153E8}.Debug|x64.ActiveCfg = Debug|Any CPU
		{B7BD82B5-1952-4EAF-AD29-97CF512153E8}.Debug|x64.Build.0 = Debug|Any CPU
		{B7BD82B5-1952-4EAF-AD29-97CF512153E8}.Debug|x86.ActiveCfg = Debug|Any CPU
		{B7BD82B5-1952-4EAF-AD29-97CF512153E8}.Debug|x86.Build.0 = Debug|Any CPU
		{B7BD82B5-1952-4EAF-AD29-97CF512153E8}.Release|Any CPU.ActiveCfg = Release|Any CPU
		{B7BD82B5-1952-4EAF-AD29-97CF512153E8}.Release|Any CPU.Build.0 = Release|Any CPU
		{B7BD82B5-1952-4EAF-AD29-97CF512153E8}.Release|x64.ActiveCfg = Release|Any CPU
		{B7BD82B5-1952-4EAF-AD29-97CF512153E8}.Release|x64.Build.0 = Release|Any CPU
		{B7BD82B5-1952-4EAF-AD29-97CF512153E8}.Release|x86.ActiveCfg = Release|Any CPU
		{B7BD82B5-1952-4EAF-AD29-97CF512153E8}.Release|x86.Build.0 = Release|Any CPU
		{1CBBD846-A274-45D1-B5C1-966129B8EF42}.Debug|Any CPU.ActiveCfg = Debug|Any CPU
		{1CBBD846-A274-45D1-B5C1-966129B8EF42}.Debug|x64.ActiveCfg = Debug|Any CPU
		{1CBBD846-A274-45D1-B5C1-966129B8EF42}.Debug|x64.Build.0 = Debug|Any CPU
		{1CBBD846-A274-45D1-B5C1-966129B8EF42}.Debug|x86.ActiveCfg = Debug|Any CPU
		{1CBBD846-A274-45D1-B5C1-966129B8EF42}.Debug|x86.Build.0 = Debug|Any CPU
		{1CBBD846-A274-45D1-B5C1-966129B8EF42}.Release|Any CPU.ActiveCfg = Release|Any CPU
		{1CBBD846-A274-45D1-B5C1-966129B8EF42}.Release|Any CPU.Build.0 = Release|Any CPU
		{1CBBD846-A274-45D1-B5C1-966129B8EF42}.Release|x64.ActiveCfg = Release|Any CPU
		{1CBBD846-A274-45D1-B5C1-966129B8EF42}.Release|x64.Build.0 = Release|Any CPU
		{1CBBD846-A274-45D1-B5C1-966129B8EF42}.Release|x86.ActiveCfg = Release|Any CPU
		{1CBBD846-A274-45D1-B5C1-966129B8EF42}.Release|x86.Build.0 = Release|Any CPU
		{4ED280BB-3721-4E72-BDB8-2DCCC36A51FA}.Debug|Any CPU.ActiveCfg = Debug|Win32
		{4ED280BB-3721-4E72-BDB8-2DCCC36A51FA}.Debug|Any CPU.Build.0 = Debug|Win32
		{4ED280BB-3721-4E72-BDB8-2DCCC36A51FA}.Debug|x64.ActiveCfg = Debug|x64
		{4ED280BB-3721-4E72-BDB8-2DCCC36A51FA}.Debug|x64.Build.0 = Debug|x64
		{4ED280BB-3721-4E72-BDB8-2DCCC36A51FA}.Debug|x86.ActiveCfg = Debug|Win32
		{4ED280BB-3721-4E72-BDB8-2DCCC36A51FA}.Debug|x86.Build.0 = Debug|Win32
		{4ED280BB-3721-4E72-BDB8-2DCCC36A51FA}.Release|Any CPU.ActiveCfg = Release|Win32
		{4ED280BB-3721-4E72-BDB8-2DCCC36A51FA}.Release|Any CPU.Build.0 = Release|Win32
		{4ED280BB-3721-4E72-BDB8-2DCCC36A51FA}.Release|x64.ActiveCfg = Release|x64
		{4ED280BB-3721-4E72-BDB8-2DCCC36A51FA}.Release|x64.Build.0 = Release|x64
		{4ED280BB-3721-4E72-BDB8-2DCCC36A51FA}.Release|x86.ActiveCfg = Release|Win32
		{4ED280BB-3721-4E72-BDB8-2DCCC36A51FA}.Release|x86.Build.0 = Release|Win32
		{4B0B009D-C6F7-443F-8C10-AD0E29E55F3D}.Debug|Any CPU.ActiveCfg = Debug|Any CPU
		{4B0B009D-C6F7-443F-8C10-AD0E29E55F3D}.Debug|Any CPU.Build.0 = Debug|Any CPU
		{4B0B009D-C6F7-443F-8C10-AD0E29E55F3D}.Debug|x64.ActiveCfg = Debug|Any CPU
		{4B0B009D-C6F7-443F-8C10-AD0E29E55F3D}.Debug|x64.Build.0 = Debug|Any CPU
		{4B0B009D-C6F7-443F-8C10-AD0E29E55F3D}.Debug|x86.ActiveCfg = Debug|Any CPU
		{4B0B009D-C6F7-443F-8C10-AD0E29E55F3D}.Debug|x86.Build.0 = Debug|Any CPU
		{4B0B009D-C6F7-443F-8C10-AD0E29E55F3D}.Release|Any CPU.ActiveCfg = Release|Any CPU
		{4B0B009D-C6F7-443F-8C10-AD0E29E55F3D}.Release|Any CPU.Build.0 = Release|Any CPU
		{4B0B009D-C6F7-443F-8C10-AD0E29E55F3D}.Release|x64.ActiveCfg = Release|Any CPU
		{4B0B009D-C6F7-443F-8C10-AD0E29E55F3D}.Release|x64.Build.0 = Release|Any CPU
		{4B0B009D-C6F7-443F-8C10-AD0E29E55F3D}.Release|x86.ActiveCfg = Release|Any CPU
		{4B0B009D-C6F7-443F-8C10-AD0E29E55F3D}.Release|x86.Build.0 = Release|Any CPU
		{351C94E4-4DB1-4522-B0D4-3AEFE2C6F08F}.Debug|Any CPU.ActiveCfg = Debug|Any CPU
		{351C94E4-4DB1-4522-B0D4-3AEFE2C6F08F}.Debug|Any CPU.Build.0 = Debug|Any CPU
		{351C94E4-4DB1-4522-B0D4-3AEFE2C6F08F}.Debug|x64.ActiveCfg = Debug|Any CPU
		{351C94E4-4DB1-4522-B0D4-3AEFE2C6F08F}.Debug|x64.Build.0 = Debug|Any CPU
		{351C94E4-4DB1-4522-B0D4-3AEFE2C6F08F}.Debug|x86.ActiveCfg = Debug|Any CPU
		{351C94E4-4DB1-4522-B0D4-3AEFE2C6F08F}.Debug|x86.Build.0 = Debug|Any CPU
		{351C94E4-4DB1-4522-B0D4-3AEFE2C6F08F}.Release|Any CPU.ActiveCfg = Release|Any CPU
		{351C94E4-4DB1-4522-B0D4-3AEFE2C6F08F}.Release|Any CPU.Build.0 = Release|Any CPU
		{351C94E4-4DB1-4522-B0D4-3AEFE2C6F08F}.Release|x64.ActiveCfg = Release|Any CPU
		{351C94E4-4DB1-4522-B0D4-3AEFE2C6F08F}.Release|x64.Build.0 = Release|Any CPU
		{351C94E4-4DB1-4522-B0D4-3AEFE2C6F08F}.Release|x86.ActiveCfg = Release|Any CPU
		{351C94E4-4DB1-4522-B0D4-3AEFE2C6F08F}.Release|x86.Build.0 = Release|Any CPU
		{541F4574-E413-430A-B7D7-2CB7EFB4D596}.Debug|Any CPU.ActiveCfg = Debug|x64
		{541F4574-E413-430A-B7D7-2CB7EFB4D596}.Debug|Any CPU.Build.0 = Debug|x64
		{541F4574-E413-430A-B7D7-2CB7EFB4D596}.Debug|x64.ActiveCfg = Debug|x64
		{541F4574-E413-430A-B7D7-2CB7EFB4D596}.Debug|x64.Build.0 = Debug|x64
		{541F4574-E413-430A-B7D7-2CB7EFB4D596}.Debug|x86.ActiveCfg = Debug|Win32
		{541F4574-E413-430A-B7D7-2CB7EFB4D596}.Debug|x86.Build.0 = Debug|Win32
		{541F4574-E413-430A-B7D7-2CB7EFB4D596}.Release|Any CPU.ActiveCfg = Release|x64
		{541F4574-E413-430A-B7D7-2CB7EFB4D596}.Release|Any CPU.Build.0 = Release|x64
		{541F4574-E413-430A-B7D7-2CB7EFB4D596}.Release|x64.ActiveCfg = Release|x64
		{541F4574-E413-430A-B7D7-2CB7EFB4D596}.Release|x64.Build.0 = Release|x64
		{541F4574-E413-430A-B7D7-2CB7EFB4D596}.Release|x86.ActiveCfg = Release|Win32
		{541F4574-E413-430A-B7D7-2CB7EFB4D596}.Release|x86.Build.0 = Release|Win32
	EndGlobalSection
	GlobalSection(SolutionProperties) = preSolution
		HideSolutionNode = FALSE
	EndGlobalSection
	GlobalSection(NestedProjects) = preSolution
		{E40CC0A1-C697-4E9D-8FBD-71CE495BE969} = {982DD007-E704-493A-9879-89857BBA9287}
		{9894E954-43F8-4129-AE01-BA5ED1F22F41} = {5ADF15EF-483D-4B79-859A-3A98EC392E26}
		{B7BD82B5-1952-4EAF-AD29-97CF512153E8} = {982DD007-E704-493A-9879-89857BBA9287}
		{1CBBD846-A274-45D1-B5C1-966129B8EF42} = {982DD007-E704-493A-9879-89857BBA9287}
		{4B0B009D-C6F7-443F-8C10-AD0E29E55F3D} = {982DD007-E704-493A-9879-89857BBA9287}
		{351C94E4-4DB1-4522-B0D4-3AEFE2C6F08F} = {49DBD2A0-35C0-4C81-B750-C33E6E5DC142}
		{541F4574-E413-430A-B7D7-2CB7EFB4D596} = {982DD007-E704-493A-9879-89857BBA9287}
	EndGlobalSection
	GlobalSection(ExtensibilityGlobals) = postSolution
		SolutionGuid = {156EE302-9B52-4DC1-B22B-E548C08DCB38}
	EndGlobalSection
EndGlobal
