
Microsoft Visual Studio Solution File, Format Version 12.00
# Visual Studio 15
VisualStudioVersion = 15.0.28010.2046
MinimumVisualStudioVersion = 10.0.40219.1
Project("{FAE04EC0-301F-11D3-BF4B-00C04F79EFBC}") = "ConsoleApp", "Source\ConsoleApp\ConsoleApp.csproj", "{E40CC0A1-C697-4E9D-8FBD-71CE495BE969}"
EndProject
Project("{FAE04EC0-301F-11D3-BF4B-00C04F79EFBC}") = "DevMorningFix", "Source\DevMorningFix\DevMorningFix.csproj", "{BF40EC3E-89CE-4A17-B5DA-0E35EE38581E}"
EndProject
Project("{FAE04EC0-301F-11D3-BF4B-00C04F79EFBC}") = "DevMorningFixUnitTest", "FundamentalsUnitTest\DevMorningFixUnitTest.csproj", "{351C94E4-4DB1-4522-B0D4-3AEFE2C6F08F}"
EndProject
Global
	GlobalSection(SolutionConfigurationPlatforms) = preSolution
		Debug|Any CPU = Debug|Any CPU
		Release|Any CPU = Release|Any CPU
	EndGlobalSection
	GlobalSection(ProjectConfigurationPlatforms) = postSolution
		{E40CC0A1-C697-4E9D-8FBD-71CE495BE969}.Debug|Any CPU.ActiveCfg = Debug|Any CPU
		{E40CC0A1-C697-4E9D-8FBD-71CE495BE969}.Debug|Any CPU.Build.0 = Debug|Any CPU
		{E40CC0A1-C697-4E9D-8FBD-71CE495BE969}.Release|Any CPU.ActiveCfg = Release|Any CPU
		{E40CC0A1-C697-4E9D-8FBD-71CE495BE969}.Release|Any CPU.Build.0 = Release|Any CPU
		{BF40EC3E-89CE-4A17-B5DA-0E35EE38581E}.Debug|Any CPU.ActiveCfg = Debug|Any CPU
		{BF40EC3E-89CE-4A17-B5DA-0E35EE38581E}.Debug|Any CPU.Build.0 = Debug|Any CPU
		{BF40EC3E-89CE-4A17-B5DA-0E35EE38581E}.Release|Any CPU.ActiveCfg = Release|Any CPU
		{BF40EC3E-89CE-4A17-B5DA-0E35EE38581E}.Release|Any CPU.Build.0 = Release|Any CPU
		{351C94E4-4DB1-4522-B0D4-3AEFE2C6F08F}.Debug|Any CPU.ActiveCfg = Debug|Any CPU
		{351C94E4-4DB1-4522-B0D4-3AEFE2C6F08F}.Debug|Any CPU.Build.0 = Debug|Any CPU
		{351C94E4-4DB1-4522-B0D4-3AEFE2C6F08F}.Release|Any CPU.ActiveCfg = Release|Any CPU
		{351C94E4-4DB1-4522-B0D4-3AEFE2C6F08F}.Release|Any CPU.Build.0 = Release|Any CPU
	EndGlobalSection
	GlobalSection(SolutionProperties) = preSolution
		HideSolutionNode = FALSE
	EndGlobalSection
	GlobalSection(ExtensibilityGlobals) = postSolution
		SolutionGuid = {156EE302-9B52-4DC1-B22B-E548C08DCB38}
	EndGlobalSection
EndGlobal
