
Microsoft Visual Studio Solution File, Format Version 12.00
# Visual Studio 15
VisualStudioVersion = 15.0.28307.168
MinimumVisualStudioVersion = 10.0.40219.1
Project("{9A19103F-16F7-4668-BE54-9A1E7A4F7556}") = "NetCoreWebApp", "NetCoreWebApp\NetCoreWebApp.csproj", "{B506283B-AFAF-4B02-9E9D-0928DE66F4CF}"
EndProject
Project("{FAE04EC0-301F-11D3-BF4B-00C04F79EFBC}") = "DevMorningFix", "..\..\Source\DevMorningFix\DevMorningFix.csproj", "{BF40EC3E-89CE-4A17-B5DA-0E35EE38581E}"
EndProject
Global
	GlobalSection(SolutionConfigurationPlatforms) = preSolution
		Debug|Any CPU = Debug|Any CPU
		Release|Any CPU = Release|Any CPU
	EndGlobalSection
	GlobalSection(ProjectConfigurationPlatforms) = postSolution
		{B506283B-AFAF-4B02-9E9D-0928DE66F4CF}.Debug|Any CPU.ActiveCfg = Debug|Any CPU
		{B506283B-AFAF-4B02-9E9D-0928DE66F4CF}.Debug|Any CPU.Build.0 = Debug|Any CPU
		{B506283B-AFAF-4B02-9E9D-0928DE66F4CF}.Release|Any CPU.ActiveCfg = Release|Any CPU
		{B506283B-AFAF-4B02-9E9D-0928DE66F4CF}.Release|Any CPU.Build.0 = Release|Any CPU
		{BF40EC3E-89CE-4A17-B5DA-0E35EE38581E}.Debug|Any CPU.ActiveCfg = Debug|Any CPU
		{BF40EC3E-89CE-4A17-B5DA-0E35EE38581E}.Debug|Any CPU.Build.0 = Debug|Any CPU
		{BF40EC3E-89CE-4A17-B5DA-0E35EE38581E}.Release|Any CPU.ActiveCfg = Release|Any CPU
		{BF40EC3E-89CE-4A17-B5DA-0E35EE38581E}.Release|Any CPU.Build.0 = Release|Any CPU
	EndGlobalSection
	GlobalSection(SolutionProperties) = preSolution
		HideSolutionNode = FALSE
	EndGlobalSection
	GlobalSection(ExtensibilityGlobals) = postSolution
		SolutionGuid = {D3004ADE-5668-4268-BA2A-9E1CE060CC38}
	EndGlobalSection
EndGlobal
